
Microsoft Visual Studio Solution File, Format Version 12.00
# Visual Studio 2013
VisualStudioVersion = 12.0.40629.0
MinimumVisualStudioVersion = 10.0.40219.1
Project("{FAE04EC0-301F-11D3-BF4B-00C04F79EFBC}") = "SeaSharpe_CVGS", "SeaSharpe_CVGS\SeaSharpe_CVGS.csproj", "{0C18EDE8-1FE3-4C85-9735-637D863F218A}"
EndProject
Project("{FAE04EC0-301F-11D3-BF4B-00C04F79EFBC}") = "SeaSharpe_CVGS.Tests", "SeaSharpe_CVGS.Tests\SeaSharpe_CVGS.Tests.csproj", "{5D5BEEFB-1EFD-4CCC-95AC-8E0796CDBBA3}"
EndProject
Global
	GlobalSection(SolutionConfigurationPlatforms) = preSolution
		Debug|Any CPU = Debug|Any CPU
		Release|Any CPU = Release|Any CPU
	EndGlobalSection
	GlobalSection(ProjectConfigurationPlatforms) = postSolution
		{0C18EDE8-1FE3-4C85-9735-637D863F218A}.Debug|Any CPU.ActiveCfg = Debug|Any CPU
		{0C18EDE8-1FE3-4C85-9735-637D863F218A}.Debug|Any CPU.Build.0 = Debug|Any CPU
		{0C18EDE8-1FE3-4C85-9735-637D863F218A}.Release|Any CPU.ActiveCfg = Release|Any CPU
		{0C18EDE8-1FE3-4C85-9735-637D863F218A}.Release|Any CPU.Build.0 = Release|Any CPU
		{5D5BEEFB-1EFD-4CCC-95AC-8E0796CDBBA3}.Debug|Any CPU.ActiveCfg = Debug|Any CPU
		{5D5BEEFB-1EFD-4CCC-95AC-8E0796CDBBA3}.Debug|Any CPU.Build.0 = Debug|Any CPU
		{5D5BEEFB-1EFD-4CCC-95AC-8E0796CDBBA3}.Release|Any CPU.ActiveCfg = Release|Any CPU
		{5D5BEEFB-1EFD-4CCC-95AC-8E0796CDBBA3}.Release|Any CPU.Build.0 = Release|Any CPU
	EndGlobalSection
	GlobalSection(SolutionProperties) = preSolution
		HideSolutionNode = FALSE
	EndGlobalSection
EndGlobal
